
Microsoft Visual Studio Solution File, Format Version 12.00
# Visual Studio 15
VisualStudioVersion = 15.0.27130.2027
MinimumVisualStudioVersion = 10.0.40219.1
Project("{FAE04EC0-301F-11D3-BF4B-00C04F79EFBC}") = "ASPPatterns.Chap6.EventTickets.Model", "ASPPatterns.Chap6.EventTickets.Model\ASPPatterns.Chap6.EventTickets.Model.csproj", "{1AB59609-0841-46C5-9D78-18A0CE8FE846}"
EndProject
Global
	GlobalSection(SolutionConfigurationPlatforms) = preSolution
		Debug|Any CPU = Debug|Any CPU
		Release|Any CPU = Release|Any CPU
	EndGlobalSection
	GlobalSection(ProjectConfigurationPlatforms) = postSolution
		{1AB59609-0841-46C5-9D78-18A0CE8FE846}.Debug|Any CPU.ActiveCfg = Debug|Any CPU
		{1AB59609-0841-46C5-9D78-18A0CE8FE846}.Debug|Any CPU.Build.0 = Debug|Any CPU
		{1AB59609-0841-46C5-9D78-18A0CE8FE846}.Release|Any CPU.ActiveCfg = Release|Any CPU
		{1AB59609-0841-46C5-9D78-18A0CE8FE846}.Release|Any CPU.Build.0 = Release|Any CPU
	EndGlobalSection
	GlobalSection(SolutionProperties) = preSolution
		HideSolutionNode = FALSE
	EndGlobalSection
	GlobalSection(ExtensibilityGlobals) = postSolution
		SolutionGuid = {D468F46C-1168-41AE-A320-2ED2D669E881}
	EndGlobalSection
EndGlobal
